
Microsoft Visual Studio Solution File, Format Version 12.00
# Visual Studio Version 17
VisualStudioVersion = 17.5.002.0
MinimumVisualStudioVersion = 10.0.40219.1
Project("{9A19103F-16F7-4668-BE54-9A1E7A4F7556}") = "UserManagementAPI", "UserManagementAPI.csproj", "{19949C11-F8C4-42CC-A78D-B4BAFFFB4FF7}"
EndProject
Global
	GlobalSection(SolutionConfigurationPlatforms) = preSolution
		Debug|Any CPU = Debug|Any CPU
		Release|Any CPU = Release|Any CPU
	EndGlobalSection
	GlobalSection(ProjectConfigurationPlatforms) = postSolution
		{19949C11-F8C4-42CC-A78D-B4BAFFFB4FF7}.Debug|Any CPU.ActiveCfg = Debug|Any CPU
		{19949C11-F8C4-42CC-A78D-B4BAFFFB4FF7}.Debug|Any CPU.Build.0 = Debug|Any CPU
		{19949C11-F8C4-42CC-A78D-B4BAFFFB4FF7}.Release|Any CPU.ActiveCfg = Release|Any CPU
		{19949C11-F8C4-42CC-A78D-B4BAFFFB4FF7}.Release|Any CPU.Build.0 = Release|Any CPU
	EndGlobalSection
	GlobalSection(SolutionProperties) = preSolution
		HideSolutionNode = FALSE
	EndGlobalSection
	GlobalSection(ExtensibilityGlobals) = postSolution
		SolutionGuid = {0611EB2B-2E7C-4A7F-9C79-1EBFA7680769}
	EndGlobalSection
EndGlobal
